
Microsoft Visual Studio Solution File, Format Version 12.00
# Visual Studio Version 16
VisualStudioVersion = 16.0.30804.86
MinimumVisualStudioVersion = 10.0.40219.1
Project("{FAE04EC0-301F-11D3-BF4B-00C04F79EFBC}") = "Fake Netstat", "Fake Netstat.csproj", "{366B1B53-5444-4548-8512-3684418AE7DC}"
EndProject
Project("{2150E333-8FDC-42A3-9474-1A3956D46DE8}") = "Solution Items", "Solution Items", "{8DDB0E48-7E4C-441D-9CC9-9109B4D48820}"
	ProjectSection(SolutionItems) = preProject
		Readme.md = Readme.md
	EndProjectSection
EndProject
Global
	GlobalSection(SolutionConfigurationPlatforms) = preSolution
		Debug|Any CPU = Debug|Any CPU
		Release|Any CPU = Release|Any CPU
	EndGlobalSection
	GlobalSection(ProjectConfigurationPlatforms) = postSolution
		{366B1B53-5444-4548-8512-3684418AE7DC}.Debug|Any CPU.ActiveCfg = Debug|Any CPU
		{366B1B53-5444-4548-8512-3684418AE7DC}.Debug|Any CPU.Build.0 = Debug|Any CPU
		{366B1B53-5444-4548-8512-3684418AE7DC}.Release|Any CPU.ActiveCfg = Release|Any CPU
		{366B1B53-5444-4548-8512-3684418AE7DC}.Release|Any CPU.Build.0 = Release|Any CPU
	EndGlobalSection
	GlobalSection(SolutionProperties) = preSolution
		HideSolutionNode = FALSE
	EndGlobalSection
	GlobalSection(ExtensibilityGlobals) = postSolution
		SolutionGuid = {847FE093-C747-4F0C-989C-29A61793B636}
	EndGlobalSection
EndGlobal
